// !$*UTF8*$!
{
	archiveVersion = 1;
	classes = {
	};
	objectVersion = 51;
	objects = {

/* Begin PBXBuildFile section */
		2F2F094822D4B19F00295F93 /* AppDelegate.swift in Sources */ = {isa = PBXBuildFile; fileRef = 2F2F094722D4B19F00295F93 /* AppDelegate.swift */; };
		2F2F094A22D4B19F00295F93 /* ViewController.swift in Sources */ = {isa = PBXBuildFile; fileRef = 2F2F094922D4B19F00295F93 /* ViewController.swift */; };
		2F2F094D22D4B19F00295F93 /* Main.storyboard in Resources */ = {isa = PBXBuildFile; fileRef = 2F2F094B22D4B19F00295F93 /* Main.storyboard */; };
		2F2F094F22D4B1A100295F93 /* Assets.xcassets in Resources */ = {isa = PBXBuildFile; fileRef = 2F2F094E22D4B1A100295F93 /* Assets.xcassets */; };
		2F2F095222D4B1A100295F93 /* LaunchScreen.storyboard in Resources */ = {isa = PBXBuildFile; fileRef = 2F2F095022D4B1A100295F93 /* LaunchScreen.storyboard */; };
		2F2F095D22D4B1A100295F93 /* BundleTests.swift in Sources */ = {isa = PBXBuildFile; fileRef = 2F2F095C22D4B1A100295F93 /* BundleTests.swift */; };
		2F2F096822D4B1A100295F93 /* BundleUITests.swift in Sources */ = {isa = PBXBuildFile; fileRef = 2F2F096722D4B1A100295F93 /* BundleUITests.swift */; };
		2F2F097822D4C9B000295F93 /* LoginCustomerVC.swift in Sources */ = {isa = PBXBuildFile; fileRef = 2F2F097722D4C9B000295F93 /* LoginCustomerVC.swift */; };
		2F2F097A22D4C9D200295F93 /* LoginSellerVC.swift in Sources */ = {isa = PBXBuildFile; fileRef = 2F2F097922D4C9D200295F93 /* LoginSellerVC.swift */; };
		2F3C8DCF22DCC71600847C99 /* fireBaseAuth.swift in Sources */ = {isa = PBXBuildFile; fileRef = 2F3C8DCE22DCC71600847C99 /* fireBaseAuth.swift */; };
		2F3C8DD122DCD13100847C99 /* extansion.swift in Sources */ = {isa = PBXBuildFile; fileRef = 2F3C8DD022DCD13100847C99 /* extansion.swift */; };
		2FAB6AFD22DCAF0400F8AF4F /* GoogleService-Info.plist in Resources */ = {isa = PBXBuildFile; fileRef = 2FAB6AFC22DCAF0400F8AF4F /* GoogleService-Info.plist */; };
		2FAB6AFE22DCAF0400F8AF4F /* GoogleService-Info.plist in Resources */ = {isa = PBXBuildFile; fileRef = 2FAB6AFC22DCAF0400F8AF4F /* GoogleService-Info.plist */; };
		BB7F7ACFA98BBD819EC5F88B /* Pods_BundleUITests.framework in Frameworks */ = {isa = PBXBuildFile; fileRef = 8F1CAFA3BFD62396BBA921F5 /* Pods_BundleUITests.framework */; };
		CB40D6A8A773A845A2D69F28 /* Pods_BundleTests.framework in Frameworks */ = {isa = PBXBuildFile; fileRef = 2CB25D340E19A98956D7805F /* Pods_BundleTests.framework */; };
		DBEAB61E1E8236E69A5D8F04 /* Pods_Bundle.framework in Frameworks */ = {isa = PBXBuildFile; fileRef = 89C380E7D555AF06392FA9A2 /* Pods_Bundle.framework */; };
/* End PBXBuildFile section */

/* Begin PBXContainerItemProxy section */
		2F2F095922D4B1A100295F93 /* PBXContainerItemProxy */ = {
			isa = PBXContainerItemProxy;
			containerPortal = 2F2F093C22D4B19F00295F93 /* Project object */;
			proxyType = 1;
			remoteGlobalIDString = 2F2F094322D4B19F00295F93;
			remoteInfo = Bundle;
		};
		2F2F096422D4B1A100295F93 /* PBXContainerItemProxy */ = {
			isa = PBXContainerItemProxy;
			containerPortal = 2F2F093C22D4B19F00295F93 /* Project object */;
			proxyType = 1;
			remoteGlobalIDString = 2F2F094322D4B19F00295F93;
			remoteInfo = Bundle;
		};
/* End PBXContainerItemProxy section */

/* Begin PBXFileReference section */
		27BB35BDAF5FF8DFF2C8F6F7 /* Pods-BundleTests.release.xcconfig */ = {isa = PBXFileReference; includeInIndex = 1; lastKnownFileType = text.xcconfig; name = "Pods-BundleTests.release.xcconfig"; path = "Target Support Files/Pods-BundleTests/Pods-BundleTests.release.xcconfig"; sourceTree = "<group>"; };
		2CB25D340E19A98956D7805F /* Pods_BundleTests.framework */ = {isa = PBXFileReference; explicitFileType = wrapper.framework; includeInIndex = 0; path = Pods_BundleTests.framework; sourceTree = BUILT_PRODUCTS_DIR; };
		2F2F094422D4B19F00295F93 /* Bundle.app */ = {isa = PBXFileReference; explicitFileType = wrapper.application; includeInIndex = 0; path = Bundle.app; sourceTree = BUILT_PRODUCTS_DIR; };
		2F2F094722D4B19F00295F93 /* AppDelegate.swift */ = {isa = PBXFileReference; lastKnownFileType = sourcecode.swift; path = AppDelegate.swift; sourceTree = "<group>"; };
		2F2F094922D4B19F00295F93 /* ViewController.swift */ = {isa = PBXFileReference; lastKnownFileType = sourcecode.swift; path = ViewController.swift; sourceTree = "<group>"; };
		2F2F094C22D4B19F00295F93 /* Base */ = {isa = PBXFileReference; lastKnownFileType = file.storyboard; name = Base; path = Base.lproj/Main.storyboard; sourceTree = "<group>"; };
		2F2F094E22D4B1A100295F93 /* Assets.xcassets */ = {isa = PBXFileReference; lastKnownFileType = folder.assetcatalog; path = Assets.xcassets; sourceTree = "<group>"; };
		2F2F095122D4B1A100295F93 /* Base */ = {isa = PBXFileReference; lastKnownFileType = file.storyboard; name = Base; path = Base.lproj/LaunchScreen.storyboard; sourceTree = "<group>"; };
		2F2F095322D4B1A100295F93 /* Info.plist */ = {isa = PBXFileReference; lastKnownFileType = text.plist.xml; path = Info.plist; sourceTree = "<group>"; };
		2F2F095822D4B1A100295F93 /* BundleTests.xctest */ = {isa = PBXFileReference; explicitFileType = wrapper.cfbundle; includeInIndex = 0; path = BundleTests.xctest; sourceTree = BUILT_PRODUCTS_DIR; };
		2F2F095C22D4B1A100295F93 /* BundleTests.swift */ = {isa = PBXFileReference; lastKnownFileType = sourcecode.swift; path = BundleTests.swift; sourceTree = "<group>"; };
		2F2F095E22D4B1A100295F93 /* Info.plist */ = {isa = PBXFileReference; lastKnownFileType = text.plist.xml; path = Info.plist; sourceTree = "<group>"; };
		2F2F096322D4B1A100295F93 /* BundleUITests.xctest */ = {isa = PBXFileReference; explicitFileType = wrapper.cfbundle; includeInIndex = 0; path = BundleUITests.xctest; sourceTree = BUILT_PRODUCTS_DIR; };
		2F2F096722D4B1A100295F93 /* BundleUITests.swift */ = {isa = PBXFileReference; lastKnownFileType = sourcecode.swift; path = BundleUITests.swift; sourceTree = "<group>"; };
		2F2F096922D4B1A100295F93 /* Info.plist */ = {isa = PBXFileReference; lastKnownFileType = text.plist.xml; path = Info.plist; sourceTree = "<group>"; };
		2F2F097722D4C9B000295F93 /* LoginCustomerVC.swift */ = {isa = PBXFileReference; lastKnownFileType = sourcecode.swift; name = LoginCustomerVC.swift; path = ../LoginCustomerVC.swift; sourceTree = "<group>"; };
		2F2F097922D4C9D200295F93 /* LoginSellerVC.swift */ = {isa = PBXFileReference; lastKnownFileType = sourcecode.swift; path = LoginSellerVC.swift; sourceTree = "<group>"; };
		2F3C8DCE22DCC71600847C99 /* fireBaseAuth.swift */ = {isa = PBXFileReference; lastKnownFileType = sourcecode.swift; path = fireBaseAuth.swift; sourceTree = "<group>"; };
		2F3C8DD022DCD13100847C99 /* extansion.swift */ = {isa = PBXFileReference; lastKnownFileType = sourcecode.swift; path = extansion.swift; sourceTree = "<group>"; };
		2FAB6AFC22DCAF0400F8AF4F /* GoogleService-Info.plist */ = {isa = PBXFileReference; fileEncoding = 4; lastKnownFileType = text.plist.xml; path = "GoogleService-Info.plist"; sourceTree = "<group>"; };
		3CFA9CFA2A973BB6EEF60480 /* Pods-BundleUITests.release.xcconfig */ = {isa = PBXFileReference; includeInIndex = 1; lastKnownFileType = text.xcconfig; name = "Pods-BundleUITests.release.xcconfig"; path = "Target Support Files/Pods-BundleUITests/Pods-BundleUITests.release.xcconfig"; sourceTree = "<group>"; };
		3E45B8FEF0D7241C763DD875 /* Pods-Bundle.debug.xcconfig */ = {isa = PBXFileReference; includeInIndex = 1; lastKnownFileType = text.xcconfig; name = "Pods-Bundle.debug.xcconfig"; path = "Target Support Files/Pods-Bundle/Pods-Bundle.debug.xcconfig"; sourceTree = "<group>"; };
		5AFF6080B07C7ED06603843C /* Pods-BundleTests.debug.xcconfig */ = {isa = PBXFileReference; includeInIndex = 1; lastKnownFileType = text.xcconfig; name = "Pods-BundleTests.debug.xcconfig"; path = "Target Support Files/Pods-BundleTests/Pods-BundleTests.debug.xcconfig"; sourceTree = "<group>"; };
		77CF6ECDBB4EDDCE355CE209 /* Pods-BundleUITests.debug.xcconfig */ = {isa = PBXFileReference; includeInIndex = 1; lastKnownFileType = text.xcconfig; name = "Pods-BundleUITests.debug.xcconfig"; path = "Target Support Files/Pods-BundleUITests/Pods-BundleUITests.debug.xcconfig"; sourceTree = "<group>"; };
		89C380E7D555AF06392FA9A2 /* Pods_Bundle.framework */ = {isa = PBXFileReference; explicitFileType = wrapper.framework; includeInIndex = 0; path = Pods_Bundle.framework; sourceTree = BUILT_PRODUCTS_DIR; };
		8F1CAFA3BFD62396BBA921F5 /* Pods_BundleUITests.framework */ = {isa = PBXFileReference; explicitFileType = wrapper.framework; includeInIndex = 0; path = Pods_BundleUITests.framework; sourceTree = BUILT_PRODUCTS_DIR; };
		D327BA52DBB33CF78BD15511 /* Pods-Bundle.release.xcconfig */ = {isa = PBXFileReference; includeInIndex = 1; lastKnownFileType = text.xcconfig; name = "Pods-Bundle.release.xcconfig"; path = "Target Support Files/Pods-Bundle/Pods-Bundle.release.xcconfig"; sourceTree = "<group>"; };
/* End PBXFileReference section */

/* Begin PBXFrameworksBuildPhase section */
		2F2F094122D4B19F00295F93 /* Frameworks */ = {
			isa = PBXFrameworksBuildPhase;
			buildActionMask = 2147483647;
			files = (
				DBEAB61E1E8236E69A5D8F04 /* Pods_Bundle.framework in Frameworks */,
			);
			runOnlyForDeploymentPostprocessing = 0;
		};
		2F2F095522D4B1A100295F93 /* Frameworks */ = {
			isa = PBXFrameworksBuildPhase;
			buildActionMask = 2147483647;
			files = (
				CB40D6A8A773A845A2D69F28 /* Pods_BundleTests.framework in Frameworks */,
			);
			runOnlyForDeploymentPostprocessing = 0;
		};
		2F2F096022D4B1A100295F93 /* Frameworks */ = {
			isa = PBXFrameworksBuildPhase;
			buildActionMask = 2147483647;
			files = (
				BB7F7ACFA98BBD819EC5F88B /* Pods_BundleUITests.framework in Frameworks */,
			);
			runOnlyForDeploymentPostprocessing = 0;
		};
/* End PBXFrameworksBuildPhase section */

/* Begin PBXGroup section */
		1651F176116E1E96C9728629 /* Frameworks */ = {
			isa = PBXGroup;
			children = (
				89C380E7D555AF06392FA9A2 /* Pods_Bundle.framework */,
				2CB25D340E19A98956D7805F /* Pods_BundleTests.framework */,
				8F1CAFA3BFD62396BBA921F5 /* Pods_BundleUITests.framework */,
			);
			name = Frameworks;
			sourceTree = "<group>";
		};
		20C7324D9C9C9960FA6B794B /* Pods */ = {
			isa = PBXGroup;
			children = (
				3E45B8FEF0D7241C763DD875 /* Pods-Bundle.debug.xcconfig */,
				D327BA52DBB33CF78BD15511 /* Pods-Bundle.release.xcconfig */,
				5AFF6080B07C7ED06603843C /* Pods-BundleTests.debug.xcconfig */,
				27BB35BDAF5FF8DFF2C8F6F7 /* Pods-BundleTests.release.xcconfig */,
				77CF6ECDBB4EDDCE355CE209 /* Pods-BundleUITests.debug.xcconfig */,
				3CFA9CFA2A973BB6EEF60480 /* Pods-BundleUITests.release.xcconfig */,
			);
			path = Pods;
			sourceTree = "<group>";
		};
		2F2F093B22D4B19F00295F93 = {
			isa = PBXGroup;
			children = (
				2F2F094622D4B19F00295F93 /* Bundle */,
				2F2F095B22D4B1A100295F93 /* BundleTests */,
				2F2F096622D4B1A100295F93 /* BundleUITests */,
				2F2F094522D4B19F00295F93 /* Products */,
				20C7324D9C9C9960FA6B794B /* Pods */,
				1651F176116E1E96C9728629 /* Frameworks */,
			);
			sourceTree = "<group>";
		};
		2F2F094522D4B19F00295F93 /* Products */ = {
			isa = PBXGroup;
			children = (
				2F2F094422D4B19F00295F93 /* Bundle.app */,
				2F2F095822D4B1A100295F93 /* BundleTests.xctest */,
				2F2F096322D4B1A100295F93 /* BundleUITests.xctest */,
			);
			name = Products;
			sourceTree = "<group>";
		};
		2F2F094622D4B19F00295F93 /* Bundle */ = {
			isa = PBXGroup;
			children = (
				2F2F094722D4B19F00295F93 /* AppDelegate.swift */,
				2F2F097722D4C9B000295F93 /* LoginCustomerVC.swift */,
				2F3C8DD022DCD13100847C99 /* extansion.swift */,
				2F3C8DCE22DCC71600847C99 /* fireBaseAuth.swift */,
				2F2F097922D4C9D200295F93 /* LoginSellerVC.swift */,
				2F2F094922D4B19F00295F93 /* ViewController.swift */,
				2F2F094B22D4B19F00295F93 /* Main.storyboard */,
				2F2F094E22D4B1A100295F93 /* Assets.xcassets */,
				2F2F095022D4B1A100295F93 /* LaunchScreen.storyboard */,
				2FAB6AFC22DCAF0400F8AF4F /* GoogleService-Info.plist */,
				2F2F095322D4B1A100295F93 /* Info.plist */,
			);
			path = Bundle;
			sourceTree = "<group>";
		};
		2F2F095B22D4B1A100295F93 /* BundleTests */ = {
			isa = PBXGroup;
			children = (
				2F2F095C22D4B1A100295F93 /* BundleTests.swift */,
				2F2F095E22D4B1A100295F93 /* Info.plist */,
			);
			path = BundleTests;
			sourceTree = "<group>";
		};
		2F2F096622D4B1A100295F93 /* BundleUITests */ = {
			isa = PBXGroup;
			children = (
				2F2F096722D4B1A100295F93 /* BundleUITests.swift */,
				2F2F096922D4B1A100295F93 /* Info.plist */,
			);
			path = BundleUITests;
			sourceTree = "<group>";
		};
/* End PBXGroup section */

/* Begin PBXNativeTarget section */
		2F2F094322D4B19F00295F93 /* Bundle */ = {
			isa = PBXNativeTarget;
			buildConfigurationList = 2F2F096C22D4B1A100295F93 /* Build configuration list for PBXNativeTarget "Bundle" */;
			buildPhases = (
				BFDE48C0036F5CA052E675FE /* [CP] Check Pods Manifest.lock */,
				2F2F094022D4B19F00295F93 /* Sources */,
				2F2F094122D4B19F00295F93 /* Frameworks */,
				2F2F094222D4B19F00295F93 /* Resources */,
			);
			buildRules = (
			);
			dependencies = (
			);
			name = Bundle;
			productName = Bundle;
			productReference = 2F2F094422D4B19F00295F93 /* Bundle.app */;
			productType = "com.apple.product-type.application";
		};
		2F2F095722D4B1A100295F93 /* BundleTests */ = {
			isa = PBXNativeTarget;
			buildConfigurationList = 2F2F096F22D4B1A100295F93 /* Build configuration list for PBXNativeTarget "BundleTests" */;
			buildPhases = (
				7E4A657B723C87FAC84A2B61 /* [CP] Check Pods Manifest.lock */,
				2F2F095422D4B1A100295F93 /* Sources */,
				2F2F095522D4B1A100295F93 /* Frameworks */,
				2F2F095622D4B1A100295F93 /* Resources */,
			);
			buildRules = (
			);
			dependencies = (
				2F2F095A22D4B1A100295F93 /* PBXTargetDependency */,
			);
			name = BundleTests;
			productName = BundleTests;
			productReference = 2F2F095822D4B1A100295F93 /* BundleTests.xctest */;
			productType = "com.apple.product-type.bundle.unit-test";
		};
		2F2F096222D4B1A100295F93 /* BundleUITests */ = {
			isa = PBXNativeTarget;
			buildConfigurationList = 2F2F097222D4B1A100295F93 /* Build configuration list for PBXNativeTarget "BundleUITests" */;
			buildPhases = (
				77E7DD3D5E719B5B007BB6B6 /* [CP] Check Pods Manifest.lock */,
				2F2F095F22D4B1A100295F93 /* Sources */,
				2F2F096022D4B1A100295F93 /* Frameworks */,
				2F2F096122D4B1A100295F93 /* Resources */,
			);
			buildRules = (
			);
			dependencies = (
				2F2F096522D4B1A100295F93 /* PBXTargetDependency */,
			);
			name = BundleUITests;
			productName = BundleUITests;
			productReference = 2F2F096322D4B1A100295F93 /* BundleUITests.xctest */;
			productType = "com.apple.product-type.bundle.ui-testing";
		};
/* End PBXNativeTarget section */

/* Begin PBXProject section */
		2F2F093C22D4B19F00295F93 /* Project object */ = {
			isa = PBXProject;
			attributes = {
				LastSwiftUpdateCheck = 1020;
				LastUpgradeCheck = 1020;
				ORGANIZATIONNAME = "Алексей Ляшенко";
				TargetAttributes = {
					2F2F094322D4B19F00295F93 = {
						CreatedOnToolsVersion = 10.2.1;
					};
					2F2F095722D4B1A100295F93 = {
						CreatedOnToolsVersion = 10.2.1;
						TestTargetID = 2F2F094322D4B19F00295F93;
					};
					2F2F096222D4B1A100295F93 = {
						CreatedOnToolsVersion = 10.2.1;
						TestTargetID = 2F2F094322D4B19F00295F93;
					};
				};
			};
			buildConfigurationList = 2F2F093F22D4B19F00295F93 /* Build configuration list for PBXProject "Bundle" */;
			compatibilityVersion = "Xcode 9.3";
			developmentRegion = en;
			hasScannedForEncodings = 0;
			knownRegions = (
				en,
				Base,
			);
			mainGroup = 2F2F093B22D4B19F00295F93;
			productRefGroup = 2F2F094522D4B19F00295F93 /* Products */;
			projectDirPath = "";
			projectRoot = "";
			targets = (
				2F2F094322D4B19F00295F93 /* Bundle */,
				2F2F095722D4B1A100295F93 /* BundleTests */,
				2F2F096222D4B1A100295F93 /* BundleUITests */,
			);
		};
/* End PBXProject section */

/* Begin PBXResourcesBuildPhase section */
		2F2F094222D4B19F00295F93 /* Resources */ = {
			isa = PBXResourcesBuildPhase;
			buildActionMask = 2147483647;
			files = (
				2F2F095222D4B1A100295F93 /* LaunchScreen.storyboard in Resources */,
				2FAB6AFD22DCAF0400F8AF4F /* GoogleService-Info.plist in Resources */,
				2F2F094F22D4B1A100295F93 /* Assets.xcassets in Resources */,
				2F2F094D22D4B19F00295F93 /* Main.storyboard in Resources */,
			);
			runOnlyForDeploymentPostprocessing = 0;
		};
		2F2F095622D4B1A100295F93 /* Resources */ = {
			isa = PBXResourcesBuildPhase;
			buildActionMask = 2147483647;
			files = (
			);
			runOnlyForDeploymentPostprocessing = 0;
		};
		2F2F096122D4B1A100295F93 /* Resources */ = {
			isa = PBXResourcesBuildPhase;
			buildActionMask = 2147483647;
			files = (
				2FAB6AFE22DCAF0400F8AF4F /* GoogleService-Info.plist in Resources */,
			);
			runOnlyForDeploymentPostprocessing = 0;
		};
/* End PBXResourcesBuildPhase section */

/* Begin PBXShellScriptBuildPhase section */
		77E7DD3D5E719B5B007BB6B6 /* [CP] Check Pods Manifest.lock */ = {
			isa = PBXShellScriptBuildPhase;
			buildActionMask = 2147483647;
			files = (
			);
			inputFileListPaths = (
			);
			inputPaths = (
				"${PODS_PODFILE_DIR_PATH}/Podfile.lock",
				"${PODS_ROOT}/Manifest.lock",
			);
			name = "[CP] Check Pods Manifest.lock";
			outputFileListPaths = (
			);
			outputPaths = (
				"$(DERIVED_FILE_DIR)/Pods-BundleUITests-checkManifestLockResult.txt",
			);
			runOnlyForDeploymentPostprocessing = 0;
			shellPath = /bin/sh;
			shellScript = "diff \"${PODS_PODFILE_DIR_PATH}/Podfile.lock\" \"${PODS_ROOT}/Manifest.lock\" > /dev/null\nif [ $? != 0 ] ; then\n    # print error to STDERR\n    echo \"error: The sandbox is not in sync with the Podfile.lock. Run 'pod install' or update your CocoaPods installation.\" >&2\n    exit 1\nfi\n# This output is used by Xcode 'outputs' to avoid re-running this script phase.\necho \"SUCCESS\" > \"${SCRIPT_OUTPUT_FILE_0}\"\n";
			showEnvVarsInLog = 0;
		};
		7E4A657B723C87FAC84A2B61 /* [CP] Check Pods Manifest.lock */ = {
			isa = PBXShellScriptBuildPhase;
			buildActionMask = 2147483647;
			files = (
			);
			inputFileListPaths = (
			);
			inputPaths = (
				"${PODS_PODFILE_DIR_PATH}/Podfile.lock",
				"${PODS_ROOT}/Manifest.lock",
			);
			name = "[CP] Check Pods Manifest.lock";
			outputFileListPaths = (
			);
			outputPaths = (
				"$(DERIVED_FILE_DIR)/Pods-BundleTests-checkManifestLockResult.txt",
			);
			runOnlyForDeploymentPostprocessing = 0;
			shellPath = /bin/sh;
			shellScript = "diff \"${PODS_PODFILE_DIR_PATH}/Podfile.lock\" \"${PODS_ROOT}/Manifest.lock\" > /dev/null\nif [ $? != 0 ] ; then\n    # print error to STDERR\n    echo \"error: The sandbox is not in sync with the Podfile.lock. Run 'pod install' or update your CocoaPods installation.\" >&2\n    exit 1\nfi\n# This output is used by Xcode 'outputs' to avoid re-running this script phase.\necho \"SUCCESS\" > \"${SCRIPT_OUTPUT_FILE_0}\"\n";
			showEnvVarsInLog = 0;
		};
		BFDE48C0036F5CA052E675FE /* [CP] Check Pods Manifest.lock */ = {
			isa = PBXShellScriptBuildPhase;
			buildActionMask = 2147483647;
			files = (
			);
			inputFileListPaths = (
			);
			inputPaths = (
				"${PODS_PODFILE_DIR_PATH}/Podfile.lock",
				"${PODS_ROOT}/Manifest.lock",
			);
			name = "[CP] Check Pods Manifest.lock";
			outputFileListPaths = (
			);
			outputPaths = (
				"$(DERIVED_FILE_DIR)/Pods-Bundle-checkManifestLockResult.txt",
			);
			runOnlyForDeploymentPostprocessing = 0;
			shellPath = /bin/sh;
			shellScript = "diff \"${PODS_PODFILE_DIR_PATH}/Podfile.lock\" \"${PODS_ROOT}/Manifest.lock\" > /dev/null\nif [ $? != 0 ] ; then\n    # print error to STDERR\n    echo \"error: The sandbox is not in sync with the Podfile.lock. Run 'pod install' or update your CocoaPods installation.\" >&2\n    exit 1\nfi\n# This output is used by Xcode 'outputs' to avoid re-running this script phase.\necho \"SUCCESS\" > \"${SCRIPT_OUTPUT_FILE_0}\"\n";
			showEnvVarsInLog = 0;
		};
/* End PBXShellScriptBuildPhase section */

/* Begin PBXSourcesBuildPhase section */
		2F2F094022D4B19F00295F93 /* Sources */ = {
			isa = PBXSourcesBuildPhase;
			buildActionMask = 2147483647;
			files = (
				2F2F094A22D4B19F00295F93 /* ViewController.swift in Sources */,
				2F2F097822D4C9B000295F93 /* LoginCustomerVC.swift in Sources */,
				2F2F094822D4B19F00295F93 /* AppDelegate.swift in Sources */,
				2F3C8DD122DCD13100847C99 /* extansion.swift in Sources */,
				2F2F097A22D4C9D200295F93 /* LoginSellerVC.swift in Sources */,
				2F3C8DCF22DCC71600847C99 /* fireBaseAuth.swift in Sources */,
			);
			runOnlyForDeploymentPostprocessing = 0;
		};
		2F2F095422D4B1A100295F93 /* Sources */ = {
			isa = PBXSourcesBuildPhase;
			buildActionMask = 2147483647;
			files = (
				2F2F095D22D4B1A100295F93 /* BundleTests.swift in Sources */,
			);
			runOnlyForDeploymentPostprocessing = 0;
		};
		2F2F095F22D4B1A100295F93 /* Sources */ = {
			isa = PBXSourcesBuildPhase;
			buildActionMask = 2147483647;
			files = (
				2F2F096822D4B1A100295F93 /* BundleUITests.swift in Sources */,
			);
			runOnlyForDeploymentPostprocessing = 0;
		};
/* End PBXSourcesBuildPhase section */

/* Begin PBXTargetDependency section */
		2F2F095A22D4B1A100295F93 /* PBXTargetDependency */ = {
			isa = PBXTargetDependency;
			target = 2F2F094322D4B19F00295F93 /* Bundle */;
			targetProxy = 2F2F095922D4B1A100295F93 /* PBXContainerItemProxy */;
		};
		2F2F096522D4B1A100295F93 /* PBXTargetDependency */ = {
			isa = PBXTargetDependency;
			target = 2F2F094322D4B19F00295F93 /* Bundle */;
			targetProxy = 2F2F096422D4B1A100295F93 /* PBXContainerItemProxy */;
		};
/* End PBXTargetDependency section */

/* Begin PBXVariantGroup section */
		2F2F094B22D4B19F00295F93 /* Main.storyboard */ = {
			isa = PBXVariantGroup;
			children = (
				2F2F094C22D4B19F00295F93 /* Base */,
			);
			name = Main.storyboard;
			sourceTree = "<group>";
		};
		2F2F095022D4B1A100295F93 /* LaunchScreen.storyboard */ = {
			isa = PBXVariantGroup;
			children = (
				2F2F095122D4B1A100295F93 /* Base */,
			);
			name = LaunchScreen.storyboard;
			sourceTree = "<group>";
		};
/* End PBXVariantGroup section */

/* Begin XCBuildConfiguration section */
		2F2F096A22D4B1A100295F93 /* Debug */ = {
			isa = XCBuildConfiguration;
			buildSettings = {
				ALWAYS_SEARCH_USER_PATHS = NO;
				CLANG_ANALYZER_NONNULL = YES;
				CLANG_ANALYZER_NUMBER_OBJECT_CONVERSION = YES_AGGRESSIVE;
				CLANG_CXX_LANGUAGE_STANDARD = "gnu++14";
				CLANG_CXX_LIBRARY = "libc++";
				CLANG_ENABLE_MODULES = YES;
				CLANG_ENABLE_OBJC_ARC = YES;
				CLANG_ENABLE_OBJC_WEAK = YES;
				CLANG_WARN_BLOCK_CAPTURE_AUTORELEASING = YES;
				CLANG_WARN_BOOL_CONVERSION = YES;
				CLANG_WARN_COMMA = YES;
				CLANG_WARN_CONSTANT_CONVERSION = YES;
				CLANG_WARN_DEPRECATED_OBJC_IMPLEMENTATIONS = YES;
				CLANG_WARN_DIRECT_OBJC_ISA_USAGE = YES_ERROR;
				CLANG_WARN_DOCUMENTATION_COMMENTS = YES;
				CLANG_WARN_EMPTY_BODY = YES;
				CLANG_WARN_ENUM_CONVERSION = YES;
				CLANG_WARN_INFINITE_RECURSION = YES;
				CLANG_WARN_INT_CONVERSION = YES;
				CLANG_WARN_NON_LITERAL_NULL_CONVERSION = YES;
				CLANG_WARN_OBJC_IMPLICIT_RETAIN_SELF = YES;
				CLANG_WARN_OBJC_LITERAL_CONVERSION = YES;
				CLANG_WARN_OBJC_ROOT_CLASS = YES_ERROR;
				CLANG_WARN_RANGE_LOOP_ANALYSIS = YES;
				CLANG_WARN_STRICT_PROTOTYPES = YES;
				CLANG_WARN_SUSPICIOUS_MOVE = YES;
				CLANG_WARN_UNGUARDED_AVAILABILITY = YES_AGGRESSIVE;
				CLANG_WARN_UNREACHABLE_CODE = YES;
				CLANG_WARN__DUPLICATE_METHOD_MATCH = YES;
				CODE_SIGN_IDENTITY = "iPhone Developer";
				COPY_PHASE_STRIP = NO;
				DEBUG_INFORMATION_FORMAT = dwarf;
				ENABLE_STRICT_OBJC_MSGSEND = YES;
				ENABLE_TESTABILITY = YES;
				GCC_C_LANGUAGE_STANDARD = gnu11;
				GCC_DYNAMIC_NO_PIC = NO;
				GCC_NO_COMMON_BLOCKS = YES;
				GCC_OPTIMIZATION_LEVEL = 0;
				GCC_PREPROCESSOR_DEFINITIONS = (
					"DEBUG=1",
					"$(inherited)",
				);
				GCC_WARN_64_TO_32_BIT_CONVERSION = YES;
				GCC_WARN_ABOUT_RETURN_TYPE = YES_ERROR;
				GCC_WARN_UNDECLARED_SELECTOR = YES;
				GCC_WARN_UNINITIALIZED_AUTOS = YES_AGGRESSIVE;
				GCC_WARN_UNUSED_FUNCTION = YES;
				GCC_WARN_UNUSED_VARIABLE = YES;
				IPHONEOS_DEPLOYMENT_TARGET = 12.2;
				MTL_ENABLE_DEBUG_INFO = INCLUDE_SOURCE;
				MTL_FAST_MATH = YES;
				ONLY_ACTIVE_ARCH = YES;
				SDKROOT = iphoneos;
				SWIFT_ACTIVE_COMPILATION_CONDITIONS = DEBUG;
				SWIFT_OPTIMIZATION_LEVEL = "-Onone";
			};
			name = Debug;
		};
		2F2F096B22D4B1A100295F93 /* Release */ = {
			isa = XCBuildConfiguration;
			buildSettings = {
				ALWAYS_SEARCH_USER_PATHS = NO;
				CLANG_ANALYZER_NONNULL = YES;
				CLANG_ANALYZER_NUMBER_OBJECT_CONVERSION = YES_AGGRESSIVE;
				CLANG_CXX_LANGUAGE_STANDARD = "gnu++14";
				CLANG_CXX_LIBRARY = "libc++";
				CLANG_ENABLE_MODULES = YES;
				CLANG_ENABLE_OBJC_ARC = YES;
				CLANG_ENABLE_OBJC_WEAK = YES;
				CLANG_WARN_BLOCK_CAPTURE_AUTORELEASING = YES;
				CLANG_WARN_BOOL_CONVERSION = YES;
				CLANG_WARN_COMMA = YES;
				CLANG_WARN_CONSTANT_CONVERSION = YES;
				CLANG_WARN_DEPRECATED_OBJC_IMPLEMENTATIONS = YES;
				CLANG_WARN_DIRECT_OBJC_ISA_USAGE = YES_ERROR;
				CLANG_WARN_DOCUMENTATION_COMMENTS = YES;
				CLANG_WARN_EMPTY_BODY = YES;
				CLANG_WARN_ENUM_CONVERSION = YES;
				CLANG_WARN_INFINITE_RECURSION = YES;
				CLANG_WARN_INT_CONVERSION = YES;
				CLANG_WARN_NON_LITERAL_NULL_CONVERSION = YES;
				CLANG_WARN_OBJC_IMPLICIT_RETAIN_SELF = YES;
				CLANG_WARN_OBJC_LITERAL_CONVERSION = YES;
				CLANG_WARN_OBJC_ROOT_CLASS = YES_ERROR;
				CLANG_WARN_RANGE_LOOP_ANALYSIS = YES;
				CLANG_WARN_STRICT_PROTOTYPES = YES;
				CLANG_WARN_SUSPICIOUS_MOVE = YES;
				CLANG_WARN_UNGUARDED_AVAILABILITY = YES_AGGRESSIVE;
				CLANG_WARN_UNREACHABLE_CODE = YES;
				CLANG_WARN__DUPLICATE_METHOD_MATCH = YES;
				CODE_SIGN_IDENTITY = "iPhone Developer";
				COPY_PHASE_STRIP = NO;
				DEBUG_INFORMATION_FORMAT = "dwarf-with-dsym";
				ENABLE_NS_ASSERTIONS = NO;
				ENABLE_STRICT_OBJC_MSGSEND = YES;
				GCC_C_LANGUAGE_STANDARD = gnu11;
				GCC_NO_COMMON_BLOCKS = YES;
				GCC_WARN_64_TO_32_BIT_CONVERSION = YES;
				GCC_WARN_ABOUT_RETURN_TYPE = YES_ERROR;
				GCC_WARN_UNDECLARED_SELECTOR = YES;
				GCC_WARN_UNINITIALIZED_AUTOS = YES_AGGRESSIVE;
				GCC_WARN_UNUSED_FUNCTION = YES;
				GCC_WARN_UNUSED_VARIABLE = YES;
				IPHONEOS_DEPLOYMENT_TARGET = 12.2;
				MTL_ENABLE_DEBUG_INFO = NO;
				MTL_FAST_MATH = YES;
				SDKROOT = iphoneos;
				SWIFT_COMPILATION_MODE = wholemodule;
				SWIFT_OPTIMIZATION_LEVEL = "-O";
				VALIDATE_PRODUCT = YES;
			};
			name = Release;
		};
		2F2F096D22D4B1A100295F93 /* Debug */ = {
			isa = XCBuildConfiguration;
			baseConfigurationReference = 3E45B8FEF0D7241C763DD875 /* Pods-Bundle.debug.xcconfig */;
			buildSettings = {
				ASSETCATALOG_COMPILER_APPICON_NAME = AppIcon;
				CODE_SIGN_STYLE = Automatic;
				INFOPLIST_FILE = Bundle/Info.plist;
				LD_RUNPATH_SEARCH_PATHS = (
					"$(inherited)",
					"@executable_path/Frameworks",
				);
				PRODUCT_BUNDLE_IDENTIFIER = com.ITO.bundle.Bundle;
				PRODUCT_NAME = "$(TARGET_NAME)";
				SWIFT_VERSION = 5.0;
				TARGETED_DEVICE_FAMILY = "1,2";
			};
			name = Debug;
		};
		2F2F096E22D4B1A100295F93 /* Release */ = {
			isa = XCBuildConfiguration;
			baseConfigurationReference = D327BA52DBB33CF78BD15511 /* Pods-Bundle.release.xcconfig */;
			buildSettings = {
				ASSETCATALOG_COMPILER_APPICON_NAME = AppIcon;
				CODE_SIGN_STYLE = Automatic;
				INFOPLIST_FILE = Bundle/Info.plist;
				LD_RUNPATH_SEARCH_PATHS = (
					"$(inherited)",
					"@executable_path/Frameworks",
				);
				PRODUCT_BUNDLE_IDENTIFIER = com.ITO.bundle.Bundle;
				PRODUCT_NAME = "$(TARGET_NAME)";
				SWIFT_VERSION = 5.0;
				TARGETED_DEVICE_FAMILY = "1,2";
			};
			name = Release;
		};
		2F2F097022D4B1A100295F93 /* Debug */ = {
			isa = XCBuildConfiguration;
			baseConfigurationReference = 5AFF6080B07C7ED06603843C /* Pods-BundleTests.debug.xcconfig */;
			buildSettings = {
				ALWAYS_EMBED_SWIFT_STANDARD_LIBRARIES = YES;
				BUNDLE_LOADER = "$(TEST_HOST)";
				CODE_SIGN_STYLE = Automatic;
				INFOPLIST_FILE = BundleTests/Info.plist;
				LD_RUNPATH_SEARCH_PATHS = (
					"$(inherited)",
					"@executable_path/Frameworks",
					"@loader_path/Frameworks",
				);
				PRODUCT_BUNDLE_IDENTIFIER = com.ITO.bundle.BundleTests;
				PRODUCT_NAME = "$(TARGET_NAME)";
				SWIFT_VERSION = 5.0;
				TARGETED_DEVICE_FAMILY = "1,2";
				TEST_HOST = "$(BUILT_PRODUCTS_DIR)/Bundle.app/Bundle";
			};
			name = Debug;
		};
		2F2F097122D4B1A100295F93 /* Release */ = {
			isa = XCBuildConfiguration;
			baseConfigurationReference = 27BB35BDAF5FF8DFF2C8F6F7 /* Pods-BundleTests.release.xcconfig */;
			buildSettings = {
				ALWAYS_EMBED_SWIFT_STANDARD_LIBRARIES = YES;
				BUNDLE_LOADER = "$(TEST_HOST)";
				CODE_SIGN_STYLE = Automatic;
				INFOPLIST_FILE = BundleTests/Info.plist;
				LD_RUNPATH_SEARCH_PATHS = (
					"$(inherited)",
					"@executable_path/Frameworks",
					"@loader_path/Frameworks",
				);
				PRODUCT_BUNDLE_IDENTIFIER = com.ITO.bundle.BundleTests;
				PRODUCT_NAME = "$(TARGET_NAME)";
				SWIFT_VERSION = 5.0;
				TARGETED_DEVICE_FAMILY = "1,2";
				TEST_HOST = "$(BUILT_PRODUCTS_DIR)/Bundle.app/Bundle";
			};
			name = Release;
		};
		2F2F097322D4B1A100295F93 /* Debug */ = {
			isa = XCBuildConfiguration;
			baseConfigurationReference = 77CF6ECDBB4EDDCE355CE209 /* Pods-BundleUITests.debug.xcconfig */;
			buildSettings = {
				ALWAYS_EMBED_SWIFT_STANDARD_LIBRARIES = YES;
				CODE_SIGN_STYLE = Automatic;
				INFOPLIST_FILE = BundleUITests/Info.plist;
				LD_RUNPATH_SEARCH_PATHS = (
					"$(inherited)",
					"@executable_path/Frameworks",
					"@loader_path/Frameworks",
				);
				PRODUCT_BUNDLE_IDENTIFIER = com.ITO.bundle.BundleUITests;
				PRODUCT_NAME = "$(TARGET_NAME)";
				SWIFT_VERSION = 5.0;
				TARGETED_DEVICE_FAMILY = "1,2";
				TEST_TARGET_NAME = Bundle;
			};
			name = Debug;
		};
		2F2F097422D4B1A100295F93 /* Release */ = {
			isa = XCBuildConfiguration;
			baseConfigurationReference = 3CFA9CFA2A973BB6EEF60480 /* Pods-BundleUITests.release.xcconfig */;
			buildSettings = {
				ALWAYS_EMBED_SWIFT_STANDARD_LIBRARIES = YES;
				CODE_SIGN_STYLE = Automatic;
				INFOPLIST_FILE = BundleUITests/Info.plist;
				LD_RUNPATH_SEARCH_PATHS = (
					"$(inherited)",
					"@executable_path/Frameworks",
					"@loader_path/Frameworks",
				);
				PRODUCT_BUNDLE_IDENTIFIER = com.ITO.bundle.BundleUITests;
				PRODUCT_NAME = "$(TARGET_NAME)";
				SWIFT_VERSION = 5.0;
				TARGETED_DEVICE_FAMILY = "1,2";
				TEST_TARGET_NAME = Bundle;
			};
			name = Release;
		};
/* End XCBuildConfiguration section */

/* Begin XCConfigurationList section */
		2F2F093F22D4B19F00295F93 /* Build configuration list for PBXProject "Bundle" */ = {
			isa = XCConfigurationList;
			buildConfigurations = (
				2F2F096A22D4B1A100295F93 /* Debug */,
				2F2F096B22D4B1A100295F93 /* Release */,
			);
			defaultConfigurationIsVisible = 0;
			defaultConfigurationName = Release;
		};
		2F2F096C22D4B1A100295F93 /* Build configuration list for PBXNativeTarget "Bundle" */ = {
			isa = XCConfigurationList;
			buildConfigurations = (
				2F2F096D22D4B1A100295F93 /* Debug */,
				2F2F096E22D4B1A100295F93 /* Release */,
			);
			defaultConfigurationIsVisible = 0;
			defaultConfigurationName = Release;
		};
		2F2F096F22D4B1A100295F93 /* Build configuration list for PBXNativeTarget "BundleTests" */ = {
			isa = XCConfigurationList;
			buildConfigurations = (
				2F2F097022D4B1A100295F93 /* Debug */,
				2F2F097122D4B1A100295F93 /* Release */,
			);
			defaultConfigurationIsVisible = 0;
			defaultConfigurationName = Release;
		};
		2F2F097222D4B1A100295F93 /* Build configuration list for PBXNativeTarget "BundleUITests" */ = {
			isa = XCConfigurationList;
			buildConfigurations = (
				2F2F097322D4B1A100295F93 /* Debug */,
				2F2F097422D4B1A100295F93 /* Release */,
			);
			defaultConfigurationIsVisible = 0;
			defaultConfigurationName = Release;
		};
/* End XCConfigurationList section */
	};
	rootObject = 2F2F093C22D4B19F00295F93 /* Project object */;
}
